
Microsoft Visual Studio Solution File, Format Version 12.00
# Visual Studio Version 17
VisualStudioVersion = 17.0.32126.317
MinimumVisualStudioVersion = 10.0.40219.1
Project("{FAE04EC0-301F-11D3-BF4B-00C04F79EFBC}") = "Assignment1", "Assignment1-\Assignment1.csproj", "{40F0AC61-29E7-4E35-B84B-4A82D75CE11D}"
EndProject
Global
	GlobalSection(SolutionConfigurationPlatforms) = preSolution
		Debug|Any CPU = Debug|Any CPU
		Release|Any CPU = Release|Any CPU
	EndGlobalSection
	GlobalSection(ProjectConfigurationPlatforms) = postSolution
		{40F0AC61-29E7-4E35-B84B-4A82D75CE11D}.Debug|Any CPU.ActiveCfg = Debug|Any CPU
		{40F0AC61-29E7-4E35-B84B-4A82D75CE11D}.Debug|Any CPU.Build.0 = Debug|Any CPU
		{40F0AC61-29E7-4E35-B84B-4A82D75CE11D}.Release|Any CPU.ActiveCfg = Release|Any CPU
		{40F0AC61-29E7-4E35-B84B-4A82D75CE11D}.Release|Any CPU.Build.0 = Release|Any CPU
	EndGlobalSection
	GlobalSection(SolutionProperties) = preSolution
		HideSolutionNode = FALSE
	EndGlobalSection
	GlobalSection(ExtensibilityGlobals) = postSolution
		SolutionGuid = {1F4121CF-7FA2-4F0F-AF8F-C5AFF6878147}
	EndGlobalSection
EndGlobal
